
Microsoft Visual Studio Solution File, Format Version 12.00
# Visual Studio Version 16
VisualStudioVersion = 16.0.32228.343
MinimumVisualStudioVersion = 10.0.40219.1
Project("{FAE04EC0-301F-11D3-BF4B-00C04F79EFBC}") = "DATNwebtintuc", "DATNwebtintuc\DATNwebtintuc.csproj", "{6B0B162D-4FAB-4A0A-A7B5-6F5CBE61D599}"
EndProject
Global
	GlobalSection(SolutionConfigurationPlatforms) = preSolution
		Debug|Any CPU = Debug|Any CPU
		Release|Any CPU = Release|Any CPU
	EndGlobalSection
	GlobalSection(ProjectConfigurationPlatforms) = postSolution
		{6B0B162D-4FAB-4A0A-A7B5-6F5CBE61D599}.Debug|Any CPU.ActiveCfg = Debug|Any CPU
		{6B0B162D-4FAB-4A0A-A7B5-6F5CBE61D599}.Debug|Any CPU.Build.0 = Debug|Any CPU
		{6B0B162D-4FAB-4A0A-A7B5-6F5CBE61D599}.Release|Any CPU.ActiveCfg = Release|Any CPU
		{6B0B162D-4FAB-4A0A-A7B5-6F5CBE61D599}.Release|Any CPU.Build.0 = Release|Any CPU
	EndGlobalSection
	GlobalSection(SolutionProperties) = preSolution
		HideSolutionNode = FALSE
	EndGlobalSection
	GlobalSection(ExtensibilityGlobals) = postSolution
		SolutionGuid = {2F37352F-F57A-4B70-9865-9896482E65A5}
	EndGlobalSection
EndGlobal
